
Microsoft Visual Studio Solution File, Format Version 12.00
# Visual Studio 15
VisualStudioVersion = 15.0.28010.2036
MinimumVisualStudioVersion = 10.0.40219.1
Project("{8BC9CEB8-8B4A-11D0-8D11-00A0C91BC942}") = "server", "server.vcxproj", "{6678F63D-DA33-4A19-9D3F-987F9A1FB5FB}"
EndProject
Project("{8BC9CEB8-8B4A-11D0-8D11-00A0C91BC942}") = "client", "client.vcxproj", "{BE2B204F-4378-4713-BB81-54C1D3AE79C0}"
EndProject
Project("{8BC9CEB8-8B4A-11D0-8D11-00A0C91BC942}") = "libthrift", "lib\thrift\libthrift.vcxproj", "{3FEBB752-2288-45CC-AAF8-7802D7438CE3}"
EndProject
Project("{2150E333-8FDC-42A3-9474-1A3956D46DE8}") = "gen", "gen", "{9C7758D8-4A53-47EC-83BB-8E4D942CB02F}"
	ProjectSection(SolutionItems) = preProject
		res\sample.thrift = res\sample.thrift
	EndProjectSection
EndProject
Global
	GlobalSection(SolutionConfigurationPlatforms) = preSolution
		Debug|x64 = Debug|x64
		Debug|x86 = Debug|x86
		Release|x64 = Release|x64
		Release|x86 = Release|x86
	EndGlobalSection
	GlobalSection(ProjectConfigurationPlatforms) = postSolution
		{6678F63D-DA33-4A19-9D3F-987F9A1FB5FB}.Debug|x64.ActiveCfg = Debug|x64
		{6678F63D-DA33-4A19-9D3F-987F9A1FB5FB}.Debug|x64.Build.0 = Debug|x64
		{6678F63D-DA33-4A19-9D3F-987F9A1FB5FB}.Debug|x86.ActiveCfg = Debug|Win32
		{6678F63D-DA33-4A19-9D3F-987F9A1FB5FB}.Debug|x86.Build.0 = Debug|Win32
		{6678F63D-DA33-4A19-9D3F-987F9A1FB5FB}.Release|x64.ActiveCfg = Release|x64
		{6678F63D-DA33-4A19-9D3F-987F9A1FB5FB}.Release|x64.Build.0 = Release|x64
		{6678F63D-DA33-4A19-9D3F-987F9A1FB5FB}.Release|x86.ActiveCfg = Release|Win32
		{6678F63D-DA33-4A19-9D3F-987F9A1FB5FB}.Release|x86.Build.0 = Release|Win32
		{BE2B204F-4378-4713-BB81-54C1D3AE79C0}.Debug|x64.ActiveCfg = Debug|x64
		{BE2B204F-4378-4713-BB81-54C1D3AE79C0}.Debug|x64.Build.0 = Debug|x64
		{BE2B204F-4378-4713-BB81-54C1D3AE79C0}.Debug|x86.ActiveCfg = Debug|Win32
		{BE2B204F-4378-4713-BB81-54C1D3AE79C0}.Debug|x86.Build.0 = Debug|Win32
		{BE2B204F-4378-4713-BB81-54C1D3AE79C0}.Release|x64.ActiveCfg = Release|x64
		{BE2B204F-4378-4713-BB81-54C1D3AE79C0}.Release|x64.Build.0 = Release|x64
		{BE2B204F-4378-4713-BB81-54C1D3AE79C0}.Release|x86.ActiveCfg = Release|Win32
		{BE2B204F-4378-4713-BB81-54C1D3AE79C0}.Release|x86.Build.0 = Release|Win32
		{3FEBB752-2288-45CC-AAF8-7802D7438CE3}.Debug|x64.ActiveCfg = Debug|x64
		{3FEBB752-2288-45CC-AAF8-7802D7438CE3}.Debug|x64.Build.0 = Debug|x64
		{3FEBB752-2288-45CC-AAF8-7802D7438CE3}.Debug|x86.ActiveCfg = Debug|Win32
		{3FEBB752-2288-45CC-AAF8-7802D7438CE3}.Debug|x86.Build.0 = Debug|Win32
		{3FEBB752-2288-45CC-AAF8-7802D7438CE3}.Release|x64.ActiveCfg = Release|x64
		{3FEBB752-2288-45CC-AAF8-7802D7438CE3}.Release|x64.Build.0 = Release|x64
		{3FEBB752-2288-45CC-AAF8-7802D7438CE3}.Release|x86.ActiveCfg = Release|Win32
		{3FEBB752-2288-45CC-AAF8-7802D7438CE3}.Release|x86.Build.0 = Release|Win32
	EndGlobalSection
	GlobalSection(SolutionProperties) = preSolution
		HideSolutionNode = FALSE
	EndGlobalSection
	GlobalSection(ExtensibilityGlobals) = postSolution
		SolutionGuid = {0F94B2A1-F1CC-41A7-8686-76FDDA7E67D7}
	EndGlobalSection
EndGlobal
